
Microsoft Visual Studio Solution File, Format Version 12.00
# Visual Studio 15
VisualStudioVersion = 15.0.26730.3
MinimumVisualStudioVersion = 10.0.40219.1
Project("{9A19103F-16F7-4668-BE54-9A1E7A4F7556}") = "DbEngine", "DbEngine\DbEngine.csproj", "{02836955-0434-41B1-B698-50F6E6E564DE}"
EndProject
Project("{9A19103F-16F7-4668-BE54-9A1E7A4F7556}") = "test", "test\test.csproj", "{1AD181A7-FC43-4ECB-BC3D-19918B0F3369}"
EndProject
Global
	GlobalSection(SolutionConfigurationPlatforms) = preSolution
		Debug|Any CPU = Debug|Any CPU
		Release|Any CPU = Release|Any CPU
	EndGlobalSection
	GlobalSection(ProjectConfigurationPlatforms) = postSolution
		{02836955-0434-41B1-B698-50F6E6E564DE}.Debug|Any CPU.ActiveCfg = Debug|Any CPU
		{02836955-0434-41B1-B698-50F6E6E564DE}.Debug|Any CPU.Build.0 = Debug|Any CPU
		{02836955-0434-41B1-B698-50F6E6E564DE}.Release|Any CPU.ActiveCfg = Release|Any CPU
		{02836955-0434-41B1-B698-50F6E6E564DE}.Release|Any CPU.Build.0 = Release|Any CPU
		{1AD181A7-FC43-4ECB-BC3D-19918B0F3369}.Debug|Any CPU.ActiveCfg = Debug|Any CPU
		{1AD181A7-FC43-4ECB-BC3D-19918B0F3369}.Debug|Any CPU.Build.0 = Debug|Any CPU
		{1AD181A7-FC43-4ECB-BC3D-19918B0F3369}.Release|Any CPU.ActiveCfg = Release|Any CPU
		{1AD181A7-FC43-4ECB-BC3D-19918B0F3369}.Release|Any CPU.Build.0 = Release|Any CPU
	EndGlobalSection
	GlobalSection(SolutionProperties) = preSolution
		HideSolutionNode = FALSE
	EndGlobalSection
	GlobalSection(ExtensibilityGlobals) = postSolution
		SolutionGuid = {4FDBB6C0-CA21-411E-BC97-A91069BF5DFC}
	EndGlobalSection
EndGlobal
