
Microsoft Visual Studio Solution File, Format Version 12.00
# Visual Studio 15
VisualStudioVersion = 15.0.27703.2035
MinimumVisualStudioVersion = 10.0.40219.1
Project("{FAE04EC0-301F-11D3-BF4B-00C04F79EFBC}") = "DbEngine", "DbEngine\DbEngine.csproj", "{87F7A89D-4359-40EA-8220-7312491A7471}"
EndProject
Project("{FAE04EC0-301F-11D3-BF4B-00C04F79EFBC}") = "test", "test\test.csproj", "{67F84777-F4AC-4D7C-B1A2-15839CF77EDE}"
EndProject
Global
	GlobalSection(SolutionConfigurationPlatforms) = preSolution
		Debug|Any CPU = Debug|Any CPU
		Release|Any CPU = Release|Any CPU
	EndGlobalSection
	GlobalSection(ProjectConfigurationPlatforms) = postSolution
		{87F7A89D-4359-40EA-8220-7312491A7471}.Debug|Any CPU.ActiveCfg = Debug|Any CPU
		{87F7A89D-4359-40EA-8220-7312491A7471}.Debug|Any CPU.Build.0 = Debug|Any CPU
		{87F7A89D-4359-40EA-8220-7312491A7471}.Release|Any CPU.ActiveCfg = Release|Any CPU
		{87F7A89D-4359-40EA-8220-7312491A7471}.Release|Any CPU.Build.0 = Release|Any CPU
		{67F84777-F4AC-4D7C-B1A2-15839CF77EDE}.Debug|Any CPU.ActiveCfg = Debug|Any CPU
		{67F84777-F4AC-4D7C-B1A2-15839CF77EDE}.Debug|Any CPU.Build.0 = Debug|Any CPU
		{67F84777-F4AC-4D7C-B1A2-15839CF77EDE}.Release|Any CPU.ActiveCfg = Release|Any CPU
		{67F84777-F4AC-4D7C-B1A2-15839CF77EDE}.Release|Any CPU.Build.0 = Release|Any CPU
	EndGlobalSection
	GlobalSection(SolutionProperties) = preSolution
		HideSolutionNode = FALSE
	EndGlobalSection
	GlobalSection(ExtensibilityGlobals) = postSolution
		SolutionGuid = {A9D2DA01-818E-45C8-806C-9E9CC877AB32}
	EndGlobalSection
EndGlobal
