
Microsoft Visual Studio Solution File, Format Version 12.00
# Visual Studio 15
VisualStudioVersion = 15.0.27703.2026
MinimumVisualStudioVersion = 10.0.40219.1
Project("{FAE04EC0-301F-11D3-BF4B-00C04F79EFBC}") = "DbEngine", "DbEngine\DbEngine.csproj", "{FFE747E3-CD68-44A3-BD54-3F70F89B3393}"
EndProject
Project("{FAE04EC0-301F-11D3-BF4B-00C04F79EFBC}") = "test", "test\test.csproj", "{188C72FC-F40D-488B-8200-56DDB6850136}"
EndProject
Global
	GlobalSection(SolutionConfigurationPlatforms) = preSolution
		Debug|Any CPU = Debug|Any CPU
		Release|Any CPU = Release|Any CPU
	EndGlobalSection
	GlobalSection(ProjectConfigurationPlatforms) = postSolution
		{FFE747E3-CD68-44A3-BD54-3F70F89B3393}.Debug|Any CPU.ActiveCfg = Debug|Any CPU
		{FFE747E3-CD68-44A3-BD54-3F70F89B3393}.Debug|Any CPU.Build.0 = Debug|Any CPU
		{FFE747E3-CD68-44A3-BD54-3F70F89B3393}.Release|Any CPU.ActiveCfg = Release|Any CPU
		{FFE747E3-CD68-44A3-BD54-3F70F89B3393}.Release|Any CPU.Build.0 = Release|Any CPU
		{188C72FC-F40D-488B-8200-56DDB6850136}.Debug|Any CPU.ActiveCfg = Debug|Any CPU
		{188C72FC-F40D-488B-8200-56DDB6850136}.Debug|Any CPU.Build.0 = Debug|Any CPU
		{188C72FC-F40D-488B-8200-56DDB6850136}.Release|Any CPU.ActiveCfg = Release|Any CPU
		{188C72FC-F40D-488B-8200-56DDB6850136}.Release|Any CPU.Build.0 = Release|Any CPU
	EndGlobalSection
	GlobalSection(SolutionProperties) = preSolution
		HideSolutionNode = FALSE
	EndGlobalSection
	GlobalSection(ExtensibilityGlobals) = postSolution
		SolutionGuid = {31DB635B-EE1B-479A-8FFB-DB4A9FC54CF0}
	EndGlobalSection
EndGlobal
