
Microsoft Visual Studio Solution File, Format Version 12.00
# Visual Studio Version 16
VisualStudioVersion = 16.0.29318.209
MinimumVisualStudioVersion = 10.0.40219.1
Project("{9A19103F-16F7-4668-BE54-9A1E7A4F7556}") = "MongoAPI", "MongoAPI\MongoAPI.csproj", "{7C44DE5B-A02C-4F6A-8F5D-FB031F051829}"
EndProject
Project("{FAE04EC0-301F-11D3-BF4B-00C04F79EFBC}") = "AuthServer1", "AuthServer1\AuthServer1.csproj", "{D96AC35C-2197-49D6-B316-9DCE8081F7B3}"
EndProject
Global
	GlobalSection(SolutionConfigurationPlatforms) = preSolution
		Debug|Any CPU = Debug|Any CPU
		Release|Any CPU = Release|Any CPU
	EndGlobalSection
	GlobalSection(ProjectConfigurationPlatforms) = postSolution
		{7C44DE5B-A02C-4F6A-8F5D-FB031F051829}.Debug|Any CPU.ActiveCfg = Debug|Any CPU
		{7C44DE5B-A02C-4F6A-8F5D-FB031F051829}.Debug|Any CPU.Build.0 = Debug|Any CPU
		{7C44DE5B-A02C-4F6A-8F5D-FB031F051829}.Release|Any CPU.ActiveCfg = Release|Any CPU
		{7C44DE5B-A02C-4F6A-8F5D-FB031F051829}.Release|Any CPU.Build.0 = Release|Any CPU
		{D96AC35C-2197-49D6-B316-9DCE8081F7B3}.Debug|Any CPU.ActiveCfg = Debug|Any CPU
		{D96AC35C-2197-49D6-B316-9DCE8081F7B3}.Debug|Any CPU.Build.0 = Debug|Any CPU
		{D96AC35C-2197-49D6-B316-9DCE8081F7B3}.Release|Any CPU.ActiveCfg = Release|Any CPU
		{D96AC35C-2197-49D6-B316-9DCE8081F7B3}.Release|Any CPU.Build.0 = Release|Any CPU
	EndGlobalSection
	GlobalSection(SolutionProperties) = preSolution
		HideSolutionNode = FALSE
	EndGlobalSection
	GlobalSection(ExtensibilityGlobals) = postSolution
		SolutionGuid = {0E7D8FC0-A322-4738-8C62-0576D6A57A7F}
	EndGlobalSection
EndGlobal
